PODS:
  - FlutterMacOS (1.0.0)
  - inference (0.0.1):
    - FlutterMacOS

DEPENDENCIES:
  - FlutterMacOS (from `Flutter/ephemeral`)
  - inference (from `Flutter/ephemeral/.symlinks/plugins/inference/macos`)

EXTERNAL SOURCES:
  FlutterMacOS:
    :path: Flutter/ephemeral
  inference:
    :path: Flutter/ephemeral/.symlinks/plugins/inference/macos

SPEC CHECKSUMS:
  FlutterMacOS: 8f6f14fa908a6fb3fba0cd85dbd81ec4b251fb24
  inference: aa9c6876c0751ff98da8b485f02dc9585102369c

PODFILE CHECKSUM: 7eb978b976557c8c1cd717d8185ec483fd090a82

COCOAPODS: 1.16.2
